
Microsoft Visual Studio Solution File, Format Version 12.00
# Visual Studio Version 16
VisualStudioVersion = 16.0.33927.289
MinimumVisualStudioVersion = 10.0.40219.1
Project("{2150E333-8FDC-42A3-9474-1A3956D46DE8}") = "Task0", "Task0", "{54E9409A-ECF2-4E4C-AF17-85B0A6E53047}"
EndProject
Project("{FAE04EC0-301F-11D3-BF4B-00C04F79EFBC}") = "Tyuiu.ShaukerovaAN.Sprint4.Task0.V17", "Tyuiu.ShaukerovaAN.Sprint4.Task0.V17\Tyuiu.ShaukerovaAN.Sprint4.Task0.V17.csproj", "{D9B37AB7-A793-4FB4-B588-3968518BCE12}"
EndProject
Project("{FAE04EC0-301F-11D3-BF4B-00C04F79EFBC}") = "Tyuiu.ShaukerovaAN.Sprint4.Task0.V17.Lib", "Tyuiu.ShaukerovaAN.Sprint4.Task0.V17.Lib\Tyuiu.ShaukerovaAN.Sprint4.Task0.V17.Lib.csproj", "{2FFE08A3-D7B1-49D5-8EF5-C725E4873A7E}"
EndProject
Project("{FAE04EC0-301F-11D3-BF4B-00C04F79EFBC}") = "Tyuiu.ShaukerovaAN.Sprint4.Task0.V17.Test", "Tyuiu.ShaukerovaAN.Sprint4.Task0.V17.Test\Tyuiu.ShaukerovaAN.Sprint4.Task0.V17.Test.csproj", "{32165B3B-0854-449E-9622-401BFC74B102}"
EndProject
Project("{2150E333-8FDC-42A3-9474-1A3956D46DE8}") = "Task1", "Task1", "{16BFADCB-6F90-4097-B647-6F1BA8E28B34}"
EndProject
Project("{FAE04EC0-301F-11D3-BF4B-00C04F79EFBC}") = "Tyuiu.ShaukerovaAN.Sprint4.Task1.V7", "Tyuiu.ShaukerovaAN.Sprint4.Task1.V7\Tyuiu.ShaukerovaAN.Sprint4.Task1.V7.csproj", "{CECDAE11-0352-429A-AFCA-2B348CB9EF62}"
EndProject
Project("{FAE04EC0-301F-11D3-BF4B-00C04F79EFBC}") = "Tyuiu.ShaukerovaAN.Sprint4.Task1.V7.Lib", "Tyuiu.ShaukerovaAN.Sprint4.Task1.V7.Lib\Tyuiu.ShaukerovaAN.Sprint4.Task1.V7.Lib.csproj", "{D5694519-92D7-44B8-A60C-A6D2A679F71F}"
EndProject
Project("{FAE04EC0-301F-11D3-BF4B-00C04F79EFBC}") = "Tyuiu.ShaukerovaAN.Sprint4.Task1.V7.Test", "Tyuiu.ShaukerovaAN.Sprint4.Task1.V7.Test\Tyuiu.ShaukerovaAN.Sprint4.Task1.V7.Test.csproj", "{78EB84CA-250B-4F8B-ACD9-539901C57C48}"
EndProject
Project("{2150E333-8FDC-42A3-9474-1A3956D46DE8}") = "Task2", "Task2", "{74C608CF-0388-4EF6-A1EA-14E2C9ACA028}"
EndProject
Project("{FAE04EC0-301F-11D3-BF4B-00C04F79EFBC}") = "Tyuiu.ShaukerovaAN.Sprint4.Task2.V5", "Tyuiu.ShaukerovaAN.Sprint4.Task2.V5\Tyuiu.ShaukerovaAN.Sprint4.Task2.V5.csproj", "{88F3C53C-8502-481A-AEA1-E0FE5253179B}"
EndProject
Project("{FAE04EC0-301F-11D3-BF4B-00C04F79EFBC}") = "Tyuiu.ShaukerovaAN.Sprint4.Task2.V5.Lib", "Tyuiu.ShaukerovaAN.Sprint4.Task2.V5.Lib\Tyuiu.ShaukerovaAN.Sprint4.Task2.V5.Lib.csproj", "{4810B901-B0A6-49A6-8A46-80B739E94A66}"
EndProject
Project("{FAE04EC0-301F-11D3-BF4B-00C04F79EFBC}") = "Tyuiu.ShaukerovaAN.Sprint4.Task2.V5.Test", "Tyuiu.ShaukerovaAN.Sprint4.Task2.V5.Test\Tyuiu.ShaukerovaAN.Sprint4.Task2.V5.Test.csproj", "{9B4CD11A-1048-42D4-9120-1FE9208C2428}"
EndProject
Project("{2150E333-8FDC-42A3-9474-1A3956D46DE8}") = "Task3", "Task3", "{5223A2CA-E55C-4DFC-B7D1-B2D70661E646}"
EndProject
Project("{FAE04EC0-301F-11D3-BF4B-00C04F79EFBC}") = "Tyuiu.ShaukerovaAN.Sprint4.Task3.V26", "Tyuiu.ShaukerovaAN.Sprint4.Task3.V26\Tyuiu.ShaukerovaAN.Sprint4.Task3.V26.csproj", "{6A524DD6-783C-448F-BAD2-7A7BCAD4EB15}"
EndProject
Project("{FAE04EC0-301F-11D3-BF4B-00C04F79EFBC}") = "Tyuiu.ShaukerovaAN.Sprint4.Task3.V26.Lib", "Tyuiu.ShaukerovaAN.Sprint4.Task3.V26.Lib\Tyuiu.ShaukerovaAN.Sprint4.Task3.V26.Lib.csproj", "{94A175FB-01EB-4CAF-97D9-0EDC2F53E10A}"
EndProject
Project("{FAE04EC0-301F-11D3-BF4B-00C04F79EFBC}") = "Tyuiu.ShaukerovaAN.Sprint4.Task3.V26.Test", "Tyuiu.ShaukerovaAN.Sprint4.Task3.V26.Test\Tyuiu.ShaukerovaAN.Sprint4.Task3.V26.Test.csproj", "{ED3A611B-CF39-46D6-AF79-99B55E0BDB97}"
EndProject
Project("{2150E333-8FDC-42A3-9474-1A3956D46DE8}") = "Task4", "Task4", "{7309921C-39A4-4026-B69C-B4C3A072029D}"
EndProject
Project("{FAE04EC0-301F-11D3-BF4B-00C04F79EFBC}") = "Tyuiu.ShaukerovaAN.Sprint4.Task4.V26.Lib", "Tyuiu.ShaukerovaAN.Sprint4.Task4.V26.Lib\Tyuiu.ShaukerovaAN.Sprint4.Task4.V26.Lib.csproj", "{9934DF05-42EC-431B-B0AF-AA2AB49643FA}"
EndProject
Project("{FAE04EC0-301F-11D3-BF4B-00C04F79EFBC}") = "Tyuiu.ShaukerovaAN.Sprint4.Task4.V26", "Tyuiu.ShaukerovaAN.Sprint4.Task4.V26\Tyuiu.ShaukerovaAN.Sprint4.Task4.V26.csproj", "{94B322FD-8C32-43B8-88BB-0CFBE170AD79}"
EndProject
Project("{FAE04EC0-301F-11D3-BF4B-00C04F79EFBC}") = "Tyuiu.ShaukerovaAN.Sprint4.Task4.V26.Test", "Tyuiu.ShaukerovaAN.Sprint4.Task4.V26.Test\Tyuiu.ShaukerovaAN.Sprint4.Task4.V26.Test.csproj", "{D402BFB4-DEE6-4251-96B4-6B4D00C299B9}"
EndProject
Project("{2150E333-8FDC-42A3-9474-1A3956D46DE8}") = "Task5", "Task5", "{9F5443D0-155A-490F-ABC3-232261CFCA90}"
EndProject
Project("{FAE04EC0-301F-11D3-BF4B-00C04F79EFBC}") = "Tyuiu.ShaukerovaAN.Sprint4.Task5.V10", "Tyuiu.ShaukerovaAN.Sprint4.Task5.V10\Tyuiu.ShaukerovaAN.Sprint4.Task5.V10.csproj", "{6DE638E3-AD79-4633-AB02-F28FB34BD6E1}"
EndProject
Project("{FAE04EC0-301F-11D3-BF4B-00C04F79EFBC}") = "Tyuiu.ShaukerovaAN.Sprint4.Task5.V10.Lib", "Tyuiu.ShaukerovaAN.Sprint4.Task5.V10.Lib\Tyuiu.ShaukerovaAN.Sprint4.Task5.V10.Lib.csproj", "{82837E65-7059-4F4B-B5F4-5A35BF34FC44}"
EndProject
Project("{FAE04EC0-301F-11D3-BF4B-00C04F79EFBC}") = "Tyuiu.ShaukerovaAN.Sprint4.Task5.V10.Test", "Tyuiu.ShaukerovaAN.Sprint4.Task5.V10.Test\Tyuiu.ShaukerovaAN.Sprint4.Task5.V10.Test.csproj", "{46766290-BFC2-4F57-A508-05783A3307D7}"
EndProject
Project("{2150E333-8FDC-42A3-9474-1A3956D46DE8}") = "Task6", "Task6", "{19E34C4E-B460-4CA1-8DFC-8B17F5FDE7BF}"
EndProject
Project("{FAE04EC0-301F-11D3-BF4B-00C04F79EFBC}") = "Tyuiu.ShaukerovaAN.Sprint4.Task6.V27", "Tyuiu.ShaukerovaAN.Sprint4.Task6.V27\Tyuiu.ShaukerovaAN.Sprint4.Task6.V27.csproj", "{0636C144-32CB-4139-A721-A9EA7DC78B95}"
EndProject
Project("{FAE04EC0-301F-11D3-BF4B-00C04F79EFBC}") = "Tyuiu.ShaukerovaAN.Sprint4.Task6.V27.Lib", "Tyuiu.ShaukerovaAN.Sprint4.Task6.V27.Lib\Tyuiu.ShaukerovaAN.Sprint4.Task6.V27.Lib.csproj", "{FF6FE291-339B-4209-AB7A-E39C1B908CDE}"
EndProject
Project("{FAE04EC0-301F-11D3-BF4B-00C04F79EFBC}") = "Tyuiu.ShaukerovaAN.Sprint4.Task6.V27.Test", "Tyuiu.ShaukerovaAN.Sprint4.Task6.V27.Test\Tyuiu.ShaukerovaAN.Sprint4.Task6.V27.Test.csproj", "{169D9E2B-82FF-4AF8-B776-FC782F986729}"
EndProject
Project("{2150E333-8FDC-42A3-9474-1A3956D46DE8}") = "Task7", "Task7", "{DE166F71-0095-44D4-81BC-8F46B8BCB6DC}"
EndProject
Project("{FAE04EC0-301F-11D3-BF4B-00C04F79EFBC}") = "Tyuiu.ShaukerovaAN.Sprint4.Task7.V3", "Tyuiu.ShaukerovaAN.Sprint4.Task7.V3\Tyuiu.ShaukerovaAN.Sprint4.Task7.V3.csproj", "{96029C48-11CD-45E2-B11A-FA45AC4C7EBD}"
EndProject
Project("{FAE04EC0-301F-11D3-BF4B-00C04F79EFBC}") = "Tyuiu.ShaukerovaAN.Sprint4.Task7.V3.Lib", "Tyuiu.ShaukerovaAN.Sprint4.Task7.V3.Lib\Tyuiu.ShaukerovaAN.Sprint4.Task7.V3.Lib.csproj", "{BE7B8868-31FE-4EA1-A9E0-374153F0F2F9}"
EndProject
Project("{FAE04EC0-301F-11D3-BF4B-00C04F79EFBC}") = "Tyuiu.ShaukerovaAN.Sprint4.Task7.V3.Test", "Tyuiu.ShaukerovaAN.Sprint4.Task7.V3.Test\Tyuiu.ShaukerovaAN.Sprint4.Task7.V3.Test.csproj", "{BC356521-CBE0-4BE3-95D8-6CB3A66092FE}"
EndProject
Global
	GlobalSection(SolutionConfigurationPlatforms) = preSolution
		Debug|Any CPU = Debug|Any CPU
		Release|Any CPU = Release|Any CPU
	EndGlobalSection
	GlobalSection(ProjectConfigurationPlatforms) = postSolution
		{D9B37AB7-A793-4FB4-B588-3968518BCE12}.Debug|Any CPU.ActiveCfg = Debug|Any CPU
		{D9B37AB7-A793-4FB4-B588-3968518BCE12}.Debug|Any CPU.Build.0 = Debug|Any CPU
		{D9B37AB7-A793-4FB4-B588-3968518BCE12}.Release|Any CPU.ActiveCfg = Release|Any CPU
		{D9B37AB7-A793-4FB4-B588-3968518BCE12}.Release|Any CPU.Build.0 = Release|Any CPU
		{2FFE08A3-D7B1-49D5-8EF5-C725E4873A7E}.Debug|Any CPU.ActiveCfg = Debug|Any CPU
		{2FFE08A3-D7B1-49D5-8EF5-C725E4873A7E}.Debug|Any CPU.Build.0 = Debug|Any CPU
		{2FFE08A3-D7B1-49D5-8EF5-C725E4873A7E}.Release|Any CPU.ActiveCfg = Release|Any CPU
		{2FFE08A3-D7B1-49D5-8EF5-C725E4873A7E}.Release|Any CPU.Build.0 = Release|Any CPU
		{32165B3B-0854-449E-9622-401BFC74B102}.Debug|Any CPU.ActiveCfg = Debug|Any CPU
		{32165B3B-0854-449E-9622-401BFC74B102}.Debug|Any CPU.Build.0 = Debug|Any CPU
		{32165B3B-0854-449E-9622-401BFC74B102}.Release|Any CPU.ActiveCfg = Release|Any CPU
		{32165B3B-0854-449E-9622-401BFC74B102}.Release|Any CPU.Build.0 = Release|Any CPU
		{CECDAE11-0352-429A-AFCA-2B348CB9EF62}.Debug|Any CPU.ActiveCfg = Debug|Any CPU
		{CECDAE11-0352-429A-AFCA-2B348CB9EF62}.Debug|Any CPU.Build.0 = Debug|Any CPU
		{CECDAE11-0352-429A-AFCA-2B348CB9EF62}.Release|Any CPU.ActiveCfg = Release|Any CPU
		{CECDAE11-0352-429A-AFCA-2B348CB9EF62}.Release|Any CPU.Build.0 = Release|Any CPU
		{D5694519-92D7-44B8-A60C-A6D2A679F71F}.Debug|Any CPU.ActiveCfg = Debug|Any CPU
		{D5694519-92D7-44B8-A60C-A6D2A679F71F}.Debug|Any CPU.Build.0 = Debug|Any CPU
		{D5694519-92D7-44B8-A60C-A6D2A679F71F}.Release|Any CPU.ActiveCfg = Release|Any CPU
		{D5694519-92D7-44B8-A60C-A6D2A679F71F}.Release|Any CPU.Build.0 = Release|Any CPU
		{78EB84CA-250B-4F8B-ACD9-539901C57C48}.Debug|Any CPU.ActiveCfg = Debug|Any CPU
		{78EB84CA-250B-4F8B-ACD9-539901C57C48}.Debug|Any CPU.Build.0 = Debug|Any CPU
		{78EB84CA-250B-4F8B-ACD9-539901C57C48}.Release|Any CPU.ActiveCfg = Release|Any CPU
		{78EB84CA-250B-4F8B-ACD9-539901C57C48}.Release|Any CPU.Build.0 = Release|Any CPU
		{88F3C53C-8502-481A-AEA1-E0FE5253179B}.Debug|Any CPU.ActiveCfg = Debug|Any CPU
		{88F3C53C-8502-481A-AEA1-E0FE5253179B}.Debug|Any CPU.Build.0 = Debug|Any CPU
		{88F3C53C-8502-481A-AEA1-E0FE5253179B}.Release|Any CPU.ActiveCfg = Release|Any CPU
		{88F3C53C-8502-481A-AEA1-E0FE5253179B}.Release|Any CPU.Build.0 = Release|Any CPU
		{4810B901-B0A6-49A6-8A46-80B739E94A66}.Debug|Any CPU.ActiveCfg = Debug|Any CPU
		{4810B901-B0A6-49A6-8A46-80B739E94A66}.Debug|Any CPU.Build.0 = Debug|Any CPU
		{4810B901-B0A6-49A6-8A46-80B739E94A66}.Release|Any CPU.ActiveCfg = Release|Any CPU
		{4810B901-B0A6-49A6-8A46-80B739E94A66}.Release|Any CPU.Build.0 = Release|Any CPU
		{9B4CD11A-1048-42D4-9120-1FE9208C2428}.Debug|Any CPU.ActiveCfg = Debug|Any CPU
		{9B4CD11A-1048-42D4-9120-1FE9208C2428}.Debug|Any CPU.Build.0 = Debug|Any CPU
		{9B4CD11A-1048-42D4-9120-1FE9208C2428}.Release|Any CPU.ActiveCfg = Release|Any CPU
		{9B4CD11A-1048-42D4-9120-1FE9208C2428}.Release|Any CPU.Build.0 = Release|Any CPU
		{6A524DD6-783C-448F-BAD2-7A7BCAD4EB15}.Debug|Any CPU.ActiveCfg = Debug|Any CPU
		{6A524DD6-783C-448F-BAD2-7A7BCAD4EB15}.Debug|Any CPU.Build.0 = Debug|Any CPU
		{6A524DD6-783C-448F-BAD2-7A7BCAD4EB15}.Release|Any CPU.ActiveCfg = Release|Any CPU
		{6A524DD6-783C-448F-BAD2-7A7BCAD4EB15}.Release|Any CPU.Build.0 = Release|Any CPU
		{94A175FB-01EB-4CAF-97D9-0EDC2F53E10A}.Debug|Any CPU.ActiveCfg = Debug|Any CPU
		{94A175FB-01EB-4CAF-97D9-0EDC2F53E10A}.Debug|Any CPU.Build.0 = Debug|Any CPU
		{94A175FB-01EB-4CAF-97D9-0EDC2F53E10A}.Release|Any CPU.ActiveCfg = Release|Any CPU
		{94A175FB-01EB-4CAF-97D9-0EDC2F53E10A}.Release|Any CPU.Build.0 = Release|Any CPU
		{ED3A611B-CF39-46D6-AF79-99B55E0BDB97}.Debug|Any CPU.ActiveCfg = Debug|Any CPU
		{ED3A611B-CF39-46D6-AF79-99B55E0BDB97}.Debug|Any CPU.Build.0 = Debug|Any CPU
		{ED3A611B-CF39-46D6-AF79-99B55E0BDB97}.Release|Any CPU.ActiveCfg = Release|Any CPU
		{ED3A611B-CF39-46D6-AF79-99B55E0BDB97}.Release|Any CPU.Build.0 = Release|Any CPU
		{9934DF05-42EC-431B-B0AF-AA2AB49643FA}.Debug|Any CPU.ActiveCfg = Debug|Any CPU
		{9934DF05-42EC-431B-B0AF-AA2AB49643FA}.Debug|Any CPU.Build.0 = Debug|Any CPU
		{9934DF05-42EC-431B-B0AF-AA2AB49643FA}.Release|Any CPU.ActiveCfg = Release|Any CPU
		{9934DF05-42EC-431B-B0AF-AA2AB49643FA}.Release|Any CPU.Build.0 = Release|Any CPU
		{94B322FD-8C32-43B8-88BB-0CFBE170AD79}.Debug|Any CPU.ActiveCfg = Debug|Any CPU
		{94B322FD-8C32-43B8-88BB-0CFBE170AD79}.Debug|Any CPU.Build.0 = Debug|Any CPU
		{94B322FD-8C32-43B8-88BB-0CFBE170AD79}.Release|Any CPU.ActiveCfg = Release|Any CPU
		{94B322FD-8C32-43B8-88BB-0CFBE170AD79}.Release|Any CPU.Build.0 = Release|Any CPU
		{D402BFB4-DEE6-4251-96B4-6B4D00C299B9}.Debug|Any CPU.ActiveCfg = Debug|Any CPU
		{D402BFB4-DEE6-4251-96B4-6B4D00C299B9}.Debug|Any CPU.Build.0 = Debug|Any CPU
		{D402BFB4-DEE6-4251-96B4-6B4D00C299B9}.Release|Any CPU.ActiveCfg = Release|Any CPU
		{D402BFB4-DEE6-4251-96B4-6B4D00C299B9}.Release|Any CPU.Build.0 = Release|Any CPU
		{6DE638E3-AD79-4633-AB02-F28FB34BD6E1}.Debug|Any CPU.ActiveCfg = Debug|Any CPU
		{6DE638E3-AD79-4633-AB02-F28FB34BD6E1}.Debug|Any CPU.Build.0 = Debug|Any CPU
		{6DE638E3-AD79-4633-AB02-F28FB34BD6E1}.Release|Any CPU.ActiveCfg = Release|Any CPU
		{6DE638E3-AD79-4633-AB02-F28FB34BD6E1}.Release|Any CPU.Build.0 = Release|Any CPU
		{82837E65-7059-4F4B-B5F4-5A35BF34FC44}.Debug|Any CPU.ActiveCfg = Debug|Any CPU
		{82837E65-7059-4F4B-B5F4-5A35BF34FC44}.Debug|Any CPU.Build.0 = Debug|Any CPU
		{82837E65-7059-4F4B-B5F4-5A35BF34FC44}.Release|Any CPU.ActiveCfg = Release|Any CPU
		{82837E65-7059-4F4B-B5F4-5A35BF34FC44}.Release|Any CPU.Build.0 = Release|Any CPU
		{46766290-BFC2-4F57-A508-05783A3307D7}.Debug|Any CPU.ActiveCfg = Debug|Any CPU
		{46766290-BFC2-4F57-A508-05783A3307D7}.Debug|Any CPU.Build.0 = Debug|Any CPU
		{46766290-BFC2-4F57-A508-05783A3307D7}.Release|Any CPU.ActiveCfg = Release|Any CPU
		{46766290-BFC2-4F57-A508-05783A3307D7}.Release|Any CPU.Build.0 = Release|Any CPU
		{0636C144-32CB-4139-A721-A9EA7DC78B95}.Debug|Any CPU.ActiveCfg = Debug|Any CPU
		{0636C144-32CB-4139-A721-A9EA7DC78B95}.Debug|Any CPU.Build.0 = Debug|Any CPU
		{0636C144-32CB-4139-A721-A9EA7DC78B95}.Release|Any CPU.ActiveCfg = Release|Any CPU
		{0636C144-32CB-4139-A721-A9EA7DC78B95}.Release|Any CPU.Build.0 = Release|Any CPU
		{FF6FE291-339B-4209-AB7A-E39C1B908CDE}.Debug|Any CPU.ActiveCfg = Debug|Any CPU
		{FF6FE291-339B-4209-AB7A-E39C1B908CDE}.Debug|Any CPU.Build.0 = Debug|Any CPU
		{FF6FE291-339B-4209-AB7A-E39C1B908CDE}.Release|Any CPU.ActiveCfg = Release|Any CPU
		{FF6FE291-339B-4209-AB7A-E39C1B908CDE}.Release|Any CPU.Build.0 = Release|Any CPU
		{169D9E2B-82FF-4AF8-B776-FC782F986729}.Debug|Any CPU.ActiveCfg = Debug|Any CPU
		{169D9E2B-82FF-4AF8-B776-FC782F986729}.Debug|Any CPU.Build.0 = Debug|Any CPU
		{169D9E2B-82FF-4AF8-B776-FC782F986729}.Release|Any CPU.ActiveCfg = Release|Any CPU
		{169D9E2B-82FF-4AF8-B776-FC782F986729}.Release|Any CPU.Build.0 = Release|Any CPU
		{96029C48-11CD-45E2-B11A-FA45AC4C7EBD}.Debug|Any CPU.ActiveCfg = Debug|Any CPU
		{96029C48-11CD-45E2-B11A-FA45AC4C7EBD}.Debug|Any CPU.Build.0 = Debug|Any CPU
		{96029C48-11CD-45E2-B11A-FA45AC4C7EBD}.Release|Any CPU.ActiveCfg = Release|Any CPU
		{96029C48-11CD-45E2-B11A-FA45AC4C7EBD}.Release|Any CPU.Build.0 = Release|Any CPU
		{BE7B8868-31FE-4EA1-A9E0-374153F0F2F9}.Debug|Any CPU.ActiveCfg = Debug|Any CPU
		{BE7B8868-31FE-4EA1-A9E0-374153F0F2F9}.Debug|Any CPU.Build.0 = Debug|Any CPU
		{BE7B8868-31FE-4EA1-A9E0-374153F0F2F9}.Release|Any CPU.ActiveCfg = Release|Any CPU
		{BE7B8868-31FE-4EA1-A9E0-374153F0F2F9}.Release|Any CPU.Build.0 = Release|Any CPU
		{BC356521-CBE0-4BE3-95D8-6CB3A66092FE}.Debug|Any CPU.ActiveCfg = Debug|Any CPU
		{BC356521-CBE0-4BE3-95D8-6CB3A66092FE}.Debug|Any CPU.Build.0 = Debug|Any CPU
		{BC356521-CBE0-4BE3-95D8-6CB3A66092FE}.Release|Any CPU.ActiveCfg = Release|Any CPU
		{BC356521-CBE0-4BE3-95D8-6CB3A66092FE}.Release|Any CPU.Build.0 = Release|Any CPU
	EndGlobalSection
	GlobalSection(SolutionProperties) = preSolution
		HideSolutionNode = FALSE
	EndGlobalSection
	GlobalSection(NestedProjects) = preSolution
		{D9B37AB7-A793-4FB4-B588-3968518BCE12} = {54E9409A-ECF2-4E4C-AF17-85B0A6E53047}
		{2FFE08A3-D7B1-49D5-8EF5-C725E4873A7E} = {54E9409A-ECF2-4E4C-AF17-85B0A6E53047}
		{32165B3B-0854-449E-9622-401BFC74B102} = {54E9409A-ECF2-4E4C-AF17-85B0A6E53047}
		{CECDAE11-0352-429A-AFCA-2B348CB9EF62} = {16BFADCB-6F90-4097-B647-6F1BA8E28B34}
		{D5694519-92D7-44B8-A60C-A6D2A679F71F} = {16BFADCB-6F90-4097-B647-6F1BA8E28B34}
		{78EB84CA-250B-4F8B-ACD9-539901C57C48} = {16BFADCB-6F90-4097-B647-6F1BA8E28B34}
		{88F3C53C-8502-481A-AEA1-E0FE5253179B} = {74C608CF-0388-4EF6-A1EA-14E2C9ACA028}
		{4810B901-B0A6-49A6-8A46-80B739E94A66} = {74C608CF-0388-4EF6-A1EA-14E2C9ACA028}
		{9B4CD11A-1048-42D4-9120-1FE9208C2428} = {74C608CF-0388-4EF6-A1EA-14E2C9ACA028}
		{6A524DD6-783C-448F-BAD2-7A7BCAD4EB15} = {5223A2CA-E55C-4DFC-B7D1-B2D70661E646}
		{94A175FB-01EB-4CAF-97D9-0EDC2F53E10A} = {5223A2CA-E55C-4DFC-B7D1-B2D70661E646}
		{ED3A611B-CF39-46D6-AF79-99B55E0BDB97} = {5223A2CA-E55C-4DFC-B7D1-B2D70661E646}
		{9934DF05-42EC-431B-B0AF-AA2AB49643FA} = {7309921C-39A4-4026-B69C-B4C3A072029D}
		{94B322FD-8C32-43B8-88BB-0CFBE170AD79} = {7309921C-39A4-4026-B69C-B4C3A072029D}
		{D402BFB4-DEE6-4251-96B4-6B4D00C299B9} = {7309921C-39A4-4026-B69C-B4C3A072029D}
		{6DE638E3-AD79-4633-AB02-F28FB34BD6E1} = {9F5443D0-155A-490F-ABC3-232261CFCA90}
		{82837E65-7059-4F4B-B5F4-5A35BF34FC44} = {9F5443D0-155A-490F-ABC3-232261CFCA90}
		{46766290-BFC2-4F57-A508-05783A3307D7} = {9F5443D0-155A-490F-ABC3-232261CFCA90}
		{0636C144-32CB-4139-A721-A9EA7DC78B95} = {19E34C4E-B460-4CA1-8DFC-8B17F5FDE7BF}
		{FF6FE291-339B-4209-AB7A-E39C1B908CDE} = {19E34C4E-B460-4CA1-8DFC-8B17F5FDE7BF}
		{169D9E2B-82FF-4AF8-B776-FC782F986729} = {19E34C4E-B460-4CA1-8DFC-8B17F5FDE7BF}
		{96029C48-11CD-45E2-B11A-FA45AC4C7EBD} = {DE166F71-0095-44D4-81BC-8F46B8BCB6DC}
		{BE7B8868-31FE-4EA1-A9E0-374153F0F2F9} = {DE166F71-0095-44D4-81BC-8F46B8BCB6DC}
		{BC356521-CBE0-4BE3-95D8-6CB3A66092FE} = {DE166F71-0095-44D4-81BC-8F46B8BCB6DC}
	EndGlobalSection
	GlobalSection(ExtensibilityGlobals) = postSolution
		SolutionGuid = {D21C8961-DA8C-49DA-A75E-A37ADA5A11CA}
	EndGlobalSection
EndGlobal
